
Microsoft Visual Studio Solution File, Format Version 12.00
# Visual Studio Version 16
VisualStudioVersion = 16.0.29806.167
MinimumVisualStudioVersion = 10.0.40219.1
Project("{FAE04EC0-301F-11D3-BF4B-00C04F79EFBC}") = "AtividadeVetor", "AtividadeVetor\AtividadeVetor.csproj", "{D4001FFB-5D04-4F2A-BD2F-156FC2F9DCCD}"
EndProject
Project("{FAE04EC0-301F-11D3-BF4B-00C04F79EFBC}") = "AtividadeLista", "AtividadeLista\AtividadeLista.csproj", "{D443BC8B-8084-4ABB-9823-2746EF569F81}"
EndProject
Project("{FAE04EC0-301F-11D3-BF4B-00C04F79EFBC}") = "Matriz", "Matriz\Matriz.csproj", "{A9A3FFD1-AB4E-419C-A2AE-039547A81942}"
EndProject
Project("{FAE04EC0-301F-11D3-BF4B-00C04F79EFBC}") = "Matriz2", "Matriz2\Matriz2.csproj", "{80F5A77C-2448-4FC8-8CD6-45DB4F56F318}"
EndProject
Project("{FAE04EC0-301F-11D3-BF4B-00C04F79EFBC}") = "Conjuntos", "Conjuntos\Conjuntos.csproj", "{C7653DF9-CC72-4116-94D0-AB8FE5CE6818}"
EndProject
Global
	GlobalSection(SolutionConfigurationPlatforms) = preSolution
		Debug|Any CPU = Debug|Any CPU
		Release|Any CPU = Release|Any CPU
	EndGlobalSection
	GlobalSection(ProjectConfigurationPlatforms) = postSolution
		{D4001FFB-5D04-4F2A-BD2F-156FC2F9DCCD}.Debug|Any CPU.ActiveCfg = Debug|Any CPU
		{D4001FFB-5D04-4F2A-BD2F-156FC2F9DCCD}.Debug|Any CPU.Build.0 = Debug|Any CPU
		{D4001FFB-5D04-4F2A-BD2F-156FC2F9DCCD}.Release|Any CPU.ActiveCfg = Release|Any CPU
		{D4001FFB-5D04-4F2A-BD2F-156FC2F9DCCD}.Release|Any CPU.Build.0 = Release|Any CPU
		{D443BC8B-8084-4ABB-9823-2746EF569F81}.Debug|Any CPU.ActiveCfg = Debug|Any CPU
		{D443BC8B-8084-4ABB-9823-2746EF569F81}.Debug|Any CPU.Build.0 = Debug|Any CPU
		{D443BC8B-8084-4ABB-9823-2746EF569F81}.Release|Any CPU.ActiveCfg = Release|Any CPU
		{D443BC8B-8084-4ABB-9823-2746EF569F81}.Release|Any CPU.Build.0 = Release|Any CPU
		{A9A3FFD1-AB4E-419C-A2AE-039547A81942}.Debug|Any CPU.ActiveCfg = Debug|Any CPU
		{A9A3FFD1-AB4E-419C-A2AE-039547A81942}.Debug|Any CPU.Build.0 = Debug|Any CPU
		{A9A3FFD1-AB4E-419C-A2AE-039547A81942}.Release|Any CPU.ActiveCfg = Release|Any CPU
		{A9A3FFD1-AB4E-419C-A2AE-039547A81942}.Release|Any CPU.Build.0 = Release|Any CPU
		{80F5A77C-2448-4FC8-8CD6-45DB4F56F318}.Debug|Any CPU.ActiveCfg = Debug|Any CPU
		{80F5A77C-2448-4FC8-8CD6-45DB4F56F318}.Debug|Any CPU.Build.0 = Debug|Any CPU
		{80F5A77C-2448-4FC8-8CD6-45DB4F56F318}.Release|Any CPU.ActiveCfg = Release|Any CPU
		{80F5A77C-2448-4FC8-8CD6-45DB4F56F318}.Release|Any CPU.Build.0 = Release|Any CPU
		{C7653DF9-CC72-4116-94D0-AB8FE5CE6818}.Debug|Any CPU.ActiveCfg = Debug|Any CPU
		{C7653DF9-CC72-4116-94D0-AB8FE5CE6818}.Debug|Any CPU.Build.0 = Debug|Any CPU
		{C7653DF9-CC72-4116-94D0-AB8FE5CE6818}.Release|Any CPU.ActiveCfg = Release|Any CPU
		{C7653DF9-CC72-4116-94D0-AB8FE5CE6818}.Release|Any CPU.Build.0 = Release|Any CPU
	EndGlobalSection
	GlobalSection(SolutionProperties) = preSolution
		HideSolutionNode = FALSE
	EndGlobalSection
	GlobalSection(ExtensibilityGlobals) = postSolution
		SolutionGuid = {591BF030-48AD-43FB-A630-E8DECF79D050}
	EndGlobalSection
EndGlobal
